// !$*UTF8*$!
{
	archiveVersion = 1;
	classes = {
	};
	objectVersion = 51;
	objects = {

/* Begin PBXBuildFile section */
		0D1DC90E106CEF4687581C81 /* Pods_Blackjack.framework in Frameworks */ = {isa = PBXBuildFile; fileRef = 5C46597BCD1851355794D412 /* Pods_Blackjack.framework */; };
		17BA02E12603578000A6CDEF /* AppDelegate.swift in Sources */ = {isa = PBXBuildFile; fileRef = 17BA02E02603578000A6CDEF /* AppDelegate.swift */; };
		17BA02E52603578000A6CDEF /* ViewController.swift in Sources */ = {isa = PBXBuildFile; fileRef = 17BA02E42603578000A6CDEF /* ViewController.swift */; };
		17BA02EA2603578100A6CDEF /* Assets.xcassets in Resources */ = {isa = PBXBuildFile; fileRef = 17BA02E92603578100A6CDEF /* Assets.xcassets */; };
		17BA02ED2603578100A6CDEF /* LaunchScreen.storyboard in Resources */ = {isa = PBXBuildFile; fileRef = 17BA02EB2603578100A6CDEF /* LaunchScreen.storyboard */; };
		17BA02FF2603596500A6CDEF /* ViewModel.swift in Sources */ = {isa = PBXBuildFile; fileRef = 17BA02FE2603596500A6CDEF /* ViewModel.swift */; };
		17BA030226035A2000A6CDEF /* UIView+Extension.swift in Sources */ = {isa = PBXBuildFile; fileRef = 17BA030126035A2000A6CDEF /* UIView+Extension.swift */; };
		17BA030626036E8800A6CDEF /* UIViewController+Extension.swift in Sources */ = {isa = PBXBuildFile; fileRef = 17BA030526036E8800A6CDEF /* UIViewController+Extension.swift */; };
		17BA03092603701D00A6CDEF /* CardDataSource.swift in Sources */ = {isa = PBXBuildFile; fileRef = 17BA03082603701D00A6CDEF /* CardDataSource.swift */; };
/* End PBXBuildFile section */

/* Begin PBXFileReference section */
		0C9C962317A61A2C3566FF16 /* Pods-Blackjack.release.xcconfig */ = {isa = PBXFileReference; includeInIndex = 1; lastKnownFileType = text.xcconfig; name = "Pods-Blackjack.release.xcconfig"; path = "Target Support Files/Pods-Blackjack/Pods-Blackjack.release.xcconfig"; sourceTree = "<group>"; };
		17BA02DD2603578000A6CDEF /* Blackjack.app */ = {isa = PBXFileReference; explicitFileType = wrapper.application; includeInIndex = 0; path = Blackjack.app; sourceTree = BUILT_PRODUCTS_DIR; };
		17BA02E02603578000A6CDEF /* AppDelegate.swift */ = {isa = PBXFileReference; lastKnownFileType = sourcecode.swift; path = AppDelegate.swift; sourceTree = "<group>"; };
		17BA02E42603578000A6CDEF /* ViewController.swift */ = {isa = PBXFileReference; lastKnownFileType = sourcecode.swift; path = ViewController.swift; sourceTree = "<group>"; };
		17BA02E92603578100A6CDEF /* Assets.xcassets */ = {isa = PBXFileReference; lastKnownFileType = folder.assetcatalog; path = Assets.xcassets; sourceTree = "<group>"; };
		17BA02EC2603578100A6CDEF /* Base */ = {isa = PBXFileReference; lastKnownFileType = file.storyboard; name = Base; path = Base.lproj/LaunchScreen.storyboard; sourceTree = "<group>"; };
		17BA02EE2603578100A6CDEF /* Info.plist */ = {isa = PBXFileReference; lastKnownFileType = text.plist.xml; path = Info.plist; sourceTree = "<group>"; };
		17BA02FE2603596500A6CDEF /* ViewModel.swift */ = {isa = PBXFileReference; lastKnownFileType = sourcecode.swift; path = ViewModel.swift; sourceTree = "<group>"; };
		17BA030126035A2000A6CDEF /* UIView+Extension.swift */ = {isa = PBXFileReference; lastKnownFileType = sourcecode.swift; path = "UIView+Extension.swift"; sourceTree = "<group>"; };
		17BA030526036E8800A6CDEF /* UIViewController+Extension.swift */ = {isa = PBXFileReference; lastKnownFileType = sourcecode.swift; path = "UIViewController+Extension.swift"; sourceTree = "<group>"; };
		17BA03082603701D00A6CDEF /* CardDataSource.swift */ = {isa = PBXFileReference; lastKnownFileType = sourcecode.swift; path = CardDataSource.swift; sourceTree = "<group>"; };
		282CCBEEE400C21F8E4818BE /* Pods-Blackjack.debug.xcconfig */ = {isa = PBXFileReference; includeInIndex = 1; lastKnownFileType = text.xcconfig; name = "Pods-Blackjack.debug.xcconfig"; path = "Target Support Files/Pods-Blackjack/Pods-Blackjack.debug.xcconfig"; sourceTree = "<group>"; };
		5C46597BCD1851355794D412 /* Pods_Blackjack.framework */ = {isa = PBXFileReference; explicitFileType = wrapper.framework; includeInIndex = 0; path = Pods_Blackjack.framework; sourceTree = BUILT_PRODUCTS_DIR; };
/* End PBXFileReference section */

/* Begin PBXFrameworksBuildPhase section */
		17BA02DA2603578000A6CDEF /* Frameworks */ = {
			isa = PBXFrameworksBuildPhase;
			buildActionMask = 2147483647;
			files = (
				0D1DC90E106CEF4687581C81 /* Pods_Blackjack.framework in Frameworks */,
			);
			runOnlyForDeploymentPostprocessing = 0;
		};
/* End PBXFrameworksBuildPhase section */

/* Begin PBXGroup section */
		17BA02D42603578000A6CDEF = {
			isa = PBXGroup;
			children = (
				17BA02DF2603578000A6CDEF /* Blackjack */,
				17BA02DE2603578000A6CDEF /* Products */,
				BF39871887CB369776544E57 /* Pods */,
				EDC9FEC65BF19930162B4B95 /* Frameworks */,
			);
			sourceTree = "<group>";
		};
		17BA02DE2603578000A6CDEF /* Products */ = {
			isa = PBXGroup;
			children = (
				17BA02DD2603578000A6CDEF /* Blackjack.app */,
			);
			name = Products;
			sourceTree = "<group>";
		};
		17BA02DF2603578000A6CDEF /* Blackjack */ = {
			isa = PBXGroup;
			children = (
				17BA02E02603578000A6CDEF /* AppDelegate.swift */,
				17BA02E42603578000A6CDEF /* ViewController.swift */,
				17BA02E92603578100A6CDEF /* Assets.xcassets */,
				17BA02EB2603578100A6CDEF /* LaunchScreen.storyboard */,
				17BA02EE2603578100A6CDEF /* Info.plist */,
				17BA02FE2603596500A6CDEF /* ViewModel.swift */,
				17BA030126035A2000A6CDEF /* UIView+Extension.swift */,
				17BA030526036E8800A6CDEF /* UIViewController+Extension.swift */,
				17BA03082603701D00A6CDEF /* CardDataSource.swift */,
			);
			path = Blackjack;
			sourceTree = "<group>";
		};
		BF39871887CB369776544E57 /* Pods */ = {
			isa = PBXGroup;
			children = (
				282CCBEEE400C21F8E4818BE /* Pods-Blackjack.debug.xcconfig */,
				0C9C962317A61A2C3566FF16 /* Pods-Blackjack.release.xcconfig */,
			);
			path = Pods;
			sourceTree = "<group>";
		};
		EDC9FEC65BF19930162B4B95 /* Frameworks */ = {
			isa = PBXGroup;
			children = (
				5C46597BCD1851355794D412 /* Pods_Blackjack.framework */,
			);
			name = Frameworks;
			sourceTree = "<group>";
		};
/* End PBXGroup section */

/* Begin PBXNativeTarget section */
		17BA02DC2603578000A6CDEF /* Blackjack */ = {
			isa = PBXNativeTarget;
			buildConfigurationList = 17BA02F12603578100A6CDEF /* Build configuration list for PBXNativeTarget "Blackjack" */;
			buildPhases = (
				345EBCA7D2BC58BCD6AF47E7 /* [CP] Check Pods Manifest.lock */,
				17BA02D92603578000A6CDEF /* Sources */,
				17BA02DA2603578000A6CDEF /* Frameworks */,
				17BA02DB2603578000A6CDEF /* Resources */,
				7B46462B37F6F5A653F16C65 /* [CP] Embed Pods Frameworks */,
			);
			buildRules = (
			);
			dependencies = (
			);
			name = Blackjack;
			productName = Blackjack;
			productReference = 17BA02DD2603578000A6CDEF /* Blackjack.app */;
			productType = "com.apple.product-type.application";
		};
/* End PBXNativeTarget section */

/* Begin PBXProject section */
		17BA02D52603578000A6CDEF /* Project object */ = {
			isa = PBXProject;
			attributes = {
				LastSwiftUpdateCheck = 1240;
				LastUpgradeCheck = 1240;
				TargetAttributes = {
					17BA02DC2603578000A6CDEF = {
						CreatedOnToolsVersion = 12.4;
					};
				};
			};
			buildConfigurationList = 17BA02D82603578000A6CDEF /* Build configuration list for PBXProject "Blackjack" */;
			compatibilityVersion = "Xcode 9.3";
			developmentRegion = en;
			hasScannedForEncodings = 0;
			knownRegions = (
				en,
				Base,
			);
			mainGroup = 17BA02D42603578000A6CDEF;
			productRefGroup = 17BA02DE2603578000A6CDEF /* Products */;
			projectDirPath = "";
			projectRoot = "";
			targets = (
				17BA02DC2603578000A6CDEF /* Blackjack */,
			);
		};
/* End PBXProject section */

/* Begin PBXResourcesBuildPhase section */
		17BA02DB2603578000A6CDEF /* Resources */ = {
			isa = PBXResourcesBuildPhase;
			buildActionMask = 2147483647;
			files = (
				17BA02ED2603578100A6CDEF /* LaunchScreen.storyboard in Resources */,
				17BA02EA2603578100A6CDEF /* Assets.xcassets in Resources */,
			);
			runOnlyForDeploymentPostprocessing = 0;
		};
/* End PBXResourcesBuildPhase section */

/* Begin PBXShellScriptBuildPhase section */
		345EBCA7D2BC58BCD6AF47E7 /* [CP] Check Pods Manifest.lock */ = {
			isa = PBXShellScriptBuildPhase;
			buildActionMask = 2147483647;
			files = (
			);
			inputFileListPaths = (
			);
			inputPaths = (
				"${PODS_PODFILE_DIR_PATH}/Podfile.lock",
				"${PODS_ROOT}/Manifest.lock",
			);
			name = "[CP] Check Pods Manifest.lock";
			outputFileListPaths = (
			);
			outputPaths = (
				"$(DERIVED_FILE_DIR)/Pods-Blackjack-checkManifestLockResult.txt",
			);
			runOnlyForDeploymentPostprocessing = 0;
			shellPath = /bin/sh;
			shellScript = "diff \"${PODS_PODFILE_DIR_PATH}/Podfile.lock\" \"${PODS_ROOT}/Manifest.lock\" > /dev/null\nif [ $? != 0 ] ; then\n    # print error to STDERR\n    echo \"error: The sandbox is not in sync with the Podfile.lock. Run 'pod install' or update your CocoaPods installation.\" >&2\n    exit 1\nfi\n# This output is used by Xcode 'outputs' to avoid re-running this script phase.\necho \"SUCCESS\" > \"${SCRIPT_OUTPUT_FILE_0}\"\n";
			showEnvVarsInLog = 0;
		};
		7B46462B37F6F5A653F16C65 /* [CP] Embed Pods Frameworks */ = {
			isa = PBXShellScriptBuildPhase;
			buildActionMask = 2147483647;
			files = (
			);
			inputFileListPaths = (
				"${PODS_ROOT}/Target Support Files/Pods-Blackjack/Pods-Blackjack-frameworks-${CONFIGURATION}-input-files.xcfilelist",
			);
			name = "[CP] Embed Pods Frameworks";
			outputFileListPaths = (
				"${PODS_ROOT}/Target Support Files/Pods-Blackjack/Pods-Blackjack-frameworks-${CONFIGURATION}-output-files.xcfilelist",
			);
			runOnlyForDeploymentPostprocessing = 0;
			shellPath = /bin/sh;
			shellScript = "\"${PODS_ROOT}/Target Support Files/Pods-Blackjack/Pods-Blackjack-frameworks.sh\"\n";
			showEnvVarsInLog = 0;
		};
/* End PBXShellScriptBuildPhase section */

/* Begin PBXSourcesBuildPhase section */
		17BA02D92603578000A6CDEF /* Sources */ = {
			isa = PBXSourcesBuildPhase;
			buildActionMask = 2147483647;
			files = (
				17BA03092603701D00A6CDEF /* CardDataSource.swift in Sources */,
				17BA02E52603578000A6CDEF /* ViewController.swift in Sources */,
				17BA02FF2603596500A6CDEF /* ViewModel.swift in Sources */,
				17BA030226035A2000A6CDEF /* UIView+Extension.swift in Sources */,
				17BA030626036E8800A6CDEF /* UIViewController+Extension.swift in Sources */,
				17BA02E12603578000A6CDEF /* AppDelegate.swift in Sources */,
			);
			runOnlyForDeploymentPostprocessing = 0;
		};
/* End PBXSourcesBuildPhase section */

/* Begin PBXVariantGroup section */
		17BA02EB2603578100A6CDEF /* LaunchScreen.storyboard */ = {
			isa = PBXVariantGroup;
			children = (
				17BA02EC2603578100A6CDEF /* Base */,
			);
			name = LaunchScreen.storyboard;
			sourceTree = "<group>";
		};
/* End PBXVariantGroup section */

/* Begin XCBuildConfiguration section */
		17BA02EF2603578100A6CDEF /* Debug */ = {
			isa = XCBuildConfiguration;
			buildSettings = {
				ALWAYS_SEARCH_USER_PATHS = NO;
				CLANG_ANALYZER_NONNULL = YES;
				CLANG_ANALYZER_NUMBER_OBJECT_CONVERSION = YES_AGGRESSIVE;
				CLANG_CXX_LANGUAGE_STANDARD = "gnu++14";
				CLANG_CXX_LIBRARY = "libc++";
				CLANG_ENABLE_MODULES = YES;
				CLANG_ENABLE_OBJC_ARC = YES;
				CLANG_ENABLE_OBJC_WEAK = YES;
				CLANG_WARN_BLOCK_CAPTURE_AUTORELEASING = YES;
				CLANG_WARN_BOOL_CONVERSION = YES;
				CLANG_WARN_COMMA = YES;
				CLANG_WARN_CONSTANT_CONVERSION = YES;
				CLANG_WARN_DEPRECATED_OBJC_IMPLEMENTATIONS = YES;
				CLANG_WARN_DIRECT_OBJC_ISA_USAGE = YES_ERROR;
				CLANG_WARN_DOCUMENTATION_COMMENTS = YES;
				CLANG_WARN_EMPTY_BODY = YES;
				CLANG_WARN_ENUM_CONVERSION = YES;
				CLANG_WARN_INFINITE_RECURSION = YES;
				CLANG_WARN_INT_CONVERSION = YES;
				CLANG_WARN_NON_LITERAL_NULL_CONVERSION = YES;
				CLANG_WARN_OBJC_IMPLICIT_RETAIN_SELF = YES;
				CLANG_WARN_OBJC_LITERAL_CONVERSION = YES;
				CLANG_WARN_OBJC_ROOT_CLASS = YES_ERROR;
				CLANG_WARN_QUOTED_INCLUDE_IN_FRAMEWORK_HEADER = YES;
				CLANG_WARN_RANGE_LOOP_ANALYSIS = YES;
				CLANG_WARN_STRICT_PROTOTYPES = YES;
				CLANG_WARN_SUSPICIOUS_MOVE = YES;
				CLANG_WARN_UNGUARDED_AVAILABILITY = YES_AGGRESSIVE;
				CLANG_WARN_UNREACHABLE_CODE = YES;
				CLANG_WARN__DUPLICATE_METHOD_MATCH = YES;
				COPY_PHASE_STRIP = NO;
				DEBUG_INFORMATION_FORMAT = dwarf;
				ENABLE_STRICT_OBJC_MSGSEND = YES;
				ENABLE_TESTABILITY = YES;
				GCC_C_LANGUAGE_STANDARD = gnu11;
				GCC_DYNAMIC_NO_PIC = NO;
				GCC_NO_COMMON_BLOCKS = YES;
				GCC_OPTIMIZATION_LEVEL = 0;
				GCC_PREPROCESSOR_DEFINITIONS = (
					"DEBUG=1",
					"$(inherited)",
				);
				GCC_WARN_64_TO_32_BIT_CONVERSION = YES;
				GCC_WARN_ABOUT_RETURN_TYPE = YES_ERROR;
				GCC_WARN_UNDECLARED_SELECTOR = YES;
				GCC_WARN_UNINITIALIZED_AUTOS = YES_AGGRESSIVE;
				GCC_WARN_UNUSED_FUNCTION = YES;
				GCC_WARN_UNUSED_VARIABLE = YES;
				IPHONEOS_DEPLOYMENT_TARGET = 14.4;
				MTL_ENABLE_DEBUG_INFO = INCLUDE_SOURCE;
				MTL_FAST_MATH = YES;
				ONLY_ACTIVE_ARCH = YES;
				SDKROOT = iphoneos;
				SWIFT_ACTIVE_COMPILATION_CONDITIONS = DEBUG;
				SWIFT_OPTIMIZATION_LEVEL = "-Onone";
			};
			name = Debug;
		};
		17BA02F02603578100A6CDEF /* Release */ = {
			isa = XCBuildConfiguration;
			buildSettings = {
				ALWAYS_SEARCH_USER_PATHS = NO;
				CLANG_ANALYZER_NONNULL = YES;
				CLANG_ANALYZER_NUMBER_OBJECT_CONVERSION = YES_AGGRESSIVE;
				CLANG_CXX_LANGUAGE_STANDARD = "gnu++14";
				CLANG_CXX_LIBRARY = "libc++";
				CLANG_ENABLE_MODULES = YES;
				CLANG_ENABLE_OBJC_ARC = YES;
				CLANG_ENABLE_OBJC_WEAK = YES;
				CLANG_WARN_BLOCK_CAPTURE_AUTORELEASING = YES;
				CLANG_WARN_BOOL_CONVERSION = YES;
				CLANG_WARN_COMMA = YES;
				CLANG_WARN_CONSTANT_CONVERSION = YES;
				CLANG_WARN_DEPRECATED_OBJC_IMPLEMENTATIONS = YES;
				CLANG_WARN_DIRECT_OBJC_ISA_USAGE = YES_ERROR;
				CLANG_WARN_DOCUMENTATION_COMMENTS = YES;
				CLANG_WARN_EMPTY_BODY = YES;
				CLANG_WARN_ENUM_CONVERSION = YES;
				CLANG_WARN_INFINITE_RECURSION = YES;
				CLANG_WARN_INT_CONVERSION = YES;
				CLANG_WARN_NON_LITERAL_NULL_CONVERSION = YES;
				CLANG_WARN_OBJC_IMPLICIT_RETAIN_SELF = YES;
				CLANG_WARN_OBJC_LITERAL_CONVERSION = YES;
				CLANG_WARN_OBJC_ROOT_CLASS = YES_ERROR;
				CLANG_WARN_QUOTED_INCLUDE_IN_FRAMEWORK_HEADER = YES;
				CLANG_WARN_RANGE_LOOP_ANALYSIS = YES;
				CLANG_WARN_STRICT_PROTOTYPES = YES;
				CLANG_WARN_SUSPICIOUS_MOVE = YES;
				CLANG_WARN_UNGUARDED_AVAILABILITY = YES_AGGRESSIVE;
				CLANG_WARN_UNREACHABLE_CODE = YES;
				CLANG_WARN__DUPLICATE_METHOD_MATCH = YES;
				COPY_PHASE_STRIP = NO;
				DEBUG_INFORMATION_FORMAT = "dwarf-with-dsym";
				ENABLE_NS_ASSERTIONS = NO;
				ENABLE_STRICT_OBJC_MSGSEND = YES;
				GCC_C_LANGUAGE_STANDARD = gnu11;
				GCC_NO_COMMON_BLOCKS = YES;
				GCC_WARN_64_TO_32_BIT_CONVERSION = YES;
				GCC_WARN_ABOUT_RETURN_TYPE = YES_ERROR;
				GCC_WARN_UNDECLARED_SELECTOR = YES;
				GCC_WARN_UNINITIALIZED_AUTOS = YES_AGGRESSIVE;
				GCC_WARN_UNUSED_FUNCTION = YES;
				GCC_WARN_UNUSED_VARIABLE = YES;
				IPHONEOS_DEPLOYMENT_TARGET = 14.4;
				MTL_ENABLE_DEBUG_INFO = NO;
				MTL_FAST_MATH = YES;
				SDKROOT = iphoneos;
				SWIFT_COMPILATION_MODE = wholemodule;
				SWIFT_OPTIMIZATION_LEVEL = "-O";
				VALIDATE_PRODUCT = YES;
			};
			name = Release;
		};
		17BA02F22603578100A6CDEF /* Debug */ = {
			isa = XCBuildConfiguration;
			baseConfigurationReference = 282CCBEEE400C21F8E4818BE /* Pods-Blackjack.debug.xcconfig */;
			buildSettings = {
				ASSETCATALOG_COMPILER_APPICON_NAME = AppIcon;
				ASSETCATALOG_COMPILER_GLOBAL_ACCENT_COLOR_NAME = AccentColor;
				CODE_SIGN_STYLE = Automatic;
				INFOPLIST_FILE = Blackjack/Info.plist;
				LD_RUNPATH_SEARCH_PATHS = (
					"$(inherited)",
					"@executable_path/Frameworks",
				);
				PRODUCT_BUNDLE_IDENTIFIER = zvonimirmedak.Blackjack;
				PRODUCT_NAME = "$(TARGET_NAME)";
				SWIFT_VERSION = 5.0;
				TARGETED_DEVICE_FAMILY = "1,2";
			};
			name = Debug;
		};
		17BA02F32603578100A6CDEF /* Release */ = {
			isa = XCBuildConfiguration;
			baseConfigurationReference = 0C9C962317A61A2C3566FF16 /* Pods-Blackjack.release.xcconfig */;
			buildSettings = {
				ASSETCATALOG_COMPILER_APPICON_NAME = AppIcon;
				ASSETCATALOG_COMPILER_GLOBAL_ACCENT_COLOR_NAME = AccentColor;
				CODE_SIGN_STYLE = Automatic;
				INFOPLIST_FILE = Blackjack/Info.plist;
				LD_RUNPATH_SEARCH_PATHS = (
					"$(inherited)",
					"@executable_path/Frameworks",
				);
				PRODUCT_BUNDLE_IDENTIFIER = zvonimirmedak.Blackjack;
				PRODUCT_NAME = "$(TARGET_NAME)";
				SWIFT_VERSION = 5.0;
				TARGETED_DEVICE_FAMILY = "1,2";
			};
			name = Release;
		};
/* End XCBuildConfiguration section */

/* Begin XCConfigurationList section */
		17BA02D82603578000A6CDEF /* Build configuration list for PBXProject "Blackjack" */ = {
			isa = XCConfigurationList;
			buildConfigurations = (
				17BA02EF2603578100A6CDEF /* Debug */,
				17BA02F02603578100A6CDEF /* Release */,
			);
			defaultConfigurationIsVisible = 0;
			defaultConfigurationName = Release;
		};
		17BA02F12603578100A6CDEF /* Build configuration list for PBXNativeTarget "Blackjack" */ = {
			isa = XCConfigurationList;
			buildConfigurations = (
				17BA02F22603578100A6CDEF /* Debug */,
				17BA02F32603578100A6CDEF /* Release */,
			);
			defaultConfigurationIsVisible = 0;
			defaultConfigurationName = Release;
		};
/* End XCConfigurationList section */
	};
	rootObject = 17BA02D52603578000A6CDEF /* Project object */;
}
